
Microsoft Visual Studio Solution File, Format Version 12.00
# Visual Studio Version 17
VisualStudioVersion = 17.6.33717.318
MinimumVisualStudioVersion = 10.0.40219.1
Project("{FAE04EC0-301F-11D3-BF4B-00C04F79EFBC}") = "AeroArchiveUnifiedIMS.UWP", "AeroArchiveUnifiedIMS\AeroArchiveUnifiedIMS.UWP\AeroArchiveUnifiedIMS.UWP.csproj", "{E9640867-CF09-4D3C-A79A-3510150A5CC6}"
EndProject
Project("{FAE04EC0-301F-11D3-BF4B-00C04F79EFBC}") = "AeroArchiveUnifiedIMS.Android", "AeroArchiveUnifiedIMS\AeroArchiveUnifiedIMS.Android\AeroArchiveUnifiedIMS.Android.csproj", "{DB3BECE0-A165-4BD1-8439-406CBAAA903C}"
EndProject
Project("{FAE04EC0-301F-11D3-BF4B-00C04F79EFBC}") = "AeroArchiveUnifiedIMS.iOS", "AeroArchiveUnifiedIMS\AeroArchiveUnifiedIMS.iOS\AeroArchiveUnifiedIMS.iOS.csproj", "{84B2C38E-4E0D-48C2-BC68-76CFB8C3F080}"
EndProject
Project("{9A19103F-16F7-4668-BE54-9A1E7A4F7556}") = "AeroArchiveUnifiedIMS", "AeroArchiveUnifiedIMS\AeroArchiveUnifiedIMS\AeroArchiveUnifiedIMS.csproj", "{B886F1B0-6B07-4B9B-AA66-0DAF194F1236}"
EndProject
Global
	GlobalSection(SolutionConfigurationPlatforms) = preSolution
		Debug|Any CPU = Debug|Any CPU
		Debug|ARM = Debug|ARM
		Debug|iPhone = Debug|iPhone
		Debug|iPhoneSimulator = Debug|iPhoneSimulator
		Debug|x64 = Debug|x64
		Debug|x86 = Debug|x86
		Release|Any CPU = Release|Any CPU
		Release|ARM = Release|ARM
		Release|iPhone = Release|iPhone
		Release|iPhoneSimulator = Release|iPhoneSimulator
		Release|x64 = Release|x64
		Release|x86 = Release|x86
	EndGlobalSection
	GlobalSection(ProjectConfigurationPlatforms) = postSolution
		{E9640867-CF09-4D3C-A79A-3510150A5CC6}.Debug|Any CPU.ActiveCfg = Debug|x64
		{E9640867-CF09-4D3C-A79A-3510150A5CC6}.Debug|Any CPU.Build.0 = Debug|x64
		{E9640867-CF09-4D3C-A79A-3510150A5CC6}.Debug|Any CPU.Deploy.0 = Debug|x64
		{E9640867-CF09-4D3C-A79A-3510150A5CC6}.Debug|ARM.ActiveCfg = Debug|ARM
		{E9640867-CF09-4D3C-A79A-3510150A5CC6}.Debug|ARM.Build.0 = Debug|ARM
		{E9640867-CF09-4D3C-A79A-3510150A5CC6}.Debug|ARM.Deploy.0 = Debug|ARM
		{E9640867-CF09-4D3C-A79A-3510150A5CC6}.Debug|iPhone.ActiveCfg = Debug|x64
		{E9640867-CF09-4D3C-A79A-3510150A5CC6}.Debug|iPhone.Build.0 = Debug|x64
		{E9640867-CF09-4D3C-A79A-3510150A5CC6}.Debug|iPhone.Deploy.0 = Debug|x64
		{E9640867-CF09-4D3C-A79A-3510150A5CC6}.Debug|iPhoneSimulator.ActiveCfg = Debug|x64
		{E9640867-CF09-4D3C-A79A-3510150A5CC6}.Debug|iPhoneSimulator.Build.0 = Debug|x64
		{E9640867-CF09-4D3C-A79A-3510150A5CC6}.Debug|iPhoneSimulator.Deploy.0 = Debug|x64
		{E9640867-CF09-4D3C-A79A-3510150A5CC6}.Debug|x64.ActiveCfg = Debug|x64
		{E9640867-CF09-4D3C-A79A-3510150A5CC6}.Debug|x64.Build.0 = Debug|x64
		{E9640867-CF09-4D3C-A79A-3510150A5CC6}.Debug|x64.Deploy.0 = Debug|x64
		{E9640867-CF09-4D3C-A79A-3510150A5CC6}.Debug|x86.ActiveCfg = Debug|x86
		{E9640867-CF09-4D3C-A79A-3510150A5CC6}.Debug|x86.Build.0 = Debug|x86
		{E9640867-CF09-4D3C-A79A-3510150A5CC6}.Debug|x86.Deploy.0 = Debug|x86
		{E9640867-CF09-4D3C-A79A-3510150A5CC6}.Release|Any CPU.ActiveCfg = Debug|x64
		{E9640867-CF09-4D3C-A79A-3510150A5CC6}.Release|Any CPU.Build.0 = Debug|x64
		{E9640867-CF09-4D3C-A79A-3510150A5CC6}.Release|Any CPU.Deploy.0 = Debug|x64
		{E9640867-CF09-4D3C-A79A-3510150A5CC6}.Release|ARM.ActiveCfg = Release|ARM
		{E9640867-CF09-4D3C-A79A-3510150A5CC6}.Release|ARM.Build.0 = Release|ARM
		{E9640867-CF09-4D3C-A79A-3510150A5CC6}.Release|ARM.Deploy.0 = Release|ARM
		{E9640867-CF09-4D3C-A79A-3510150A5CC6}.Release|iPhone.ActiveCfg = Release|x64
		{E9640867-CF09-4D3C-A79A-3510150A5CC6}.Release|iPhone.Build.0 = Release|x64
		{E9640867-CF09-4D3C-A79A-3510150A5CC6}.Release|iPhone.Deploy.0 = Release|x64
		{E9640867-CF09-4D3C-A79A-3510150A5CC6}.Release|iPhoneSimulator.ActiveCfg = Release|x64
		{E9640867-CF09-4D3C-A79A-3510150A5CC6}.Release|iPhoneSimulator.Build.0 = Release|x64
		{E9640867-CF09-4D3C-A79A-3510150A5CC6}.Release|iPhoneSimulator.Deploy.0 = Release|x64
		{E9640867-CF09-4D3C-A79A-3510150A5CC6}.Release|x64.ActiveCfg = Release|x64
		{E9640867-CF09-4D3C-A79A-3510150A5CC6}.Release|x64.Build.0 = Release|x64
		{E9640867-CF09-4D3C-A79A-3510150A5CC6}.Release|x64.Deploy.0 = Release|x64
		{E9640867-CF09-4D3C-A79A-3510150A5CC6}.Release|x86.ActiveCfg = Release|x86
		{E9640867-CF09-4D3C-A79A-3510150A5CC6}.Release|x86.Build.0 = Release|x86
		{E9640867-CF09-4D3C-A79A-3510150A5CC6}.Release|x86.Deploy.0 = Release|x86
		{DB3BECE0-A165-4BD1-8439-406CBAAA903C}.Debug|Any CPU.ActiveCfg = Debug|Any CPU
		{DB3BECE0-A165-4BD1-8439-406CBAAA903C}.Debug|Any CPU.Build.0 = Debug|Any CPU
		{DB3BECE0-A165-4BD1-8439-406CBAAA903C}.Debug|Any CPU.Deploy.0 = Debug|Any CPU
		{DB3BECE0-A165-4BD1-8439-406CBAAA903C}.Debug|ARM.ActiveCfg = Debug|Any CPU
		{DB3BECE0-A165-4BD1-8439-406CBAAA903C}.Debug|ARM.Build.0 = Debug|Any CPU
		{DB3BECE0-A165-4BD1-8439-406CBAAA903C}.Debug|ARM.Deploy.0 = Debug|Any CPU
		{DB3BECE0-A165-4BD1-8439-406CBAAA903C}.Debug|iPhone.ActiveCfg = Debug|Any CPU
		{DB3BECE0-A165-4BD1-8439-406CBAAA903C}.Debug|iPhone.Build.0 = Debug|Any CPU
		{DB3BECE0-A165-4BD1-8439-406CBAAA903C}.Debug|iPhone.Deploy.0 = Debug|Any CPU
		{DB3BECE0-A165-4BD1-8439-406CBAAA903C}.Debug|iPhoneSimulator.ActiveCfg = Debug|Any CPU
		{DB3BECE0-A165-4BD1-8439-406CBAAA903C}.Debug|iPhoneSimulator.Build.0 = Debug|Any CPU
		{DB3BECE0-A165-4BD1-8439-406CBAAA903C}.Debug|iPhoneSimulator.Deploy.0 = Debug|Any CPU
		{DB3BECE0-A165-4BD1-8439-406CBAAA903C}.Debug|x64.ActiveCfg = Debug|Any CPU
		{DB3BECE0-A165-4BD1-8439-406CBAAA903C}.Debug|x64.Build.0 = Debug|Any CPU
		{DB3BECE0-A165-4BD1-8439-406CBAAA903C}.Debug|x64.Deploy.0 = Debug|Any CPU
		{DB3BECE0-A165-4BD1-8439-406CBAAA903C}.Debug|x86.ActiveCfg = Debug|Any CPU
		{DB3BECE0-A165-4BD1-8439-406CBAAA903C}.Debug|x86.Build.0 = Debug|Any CPU
		{DB3BECE0-A165-4BD1-8439-406CBAAA903C}.Debug|x86.Deploy.0 = Debug|Any CPU
		{DB3BECE0-A165-4BD1-8439-406CBAAA903C}.Release|Any CPU.ActiveCfg = Debug|Any CPU
		{DB3BECE0-A165-4BD1-8439-406CBAAA903C}.Release|Any CPU.Build.0 = Debug|Any CPU
		{DB3BECE0-A165-4BD1-8439-406CBAAA903C}.Release|Any CPU.Deploy.0 = Debug|Any CPU
		{DB3BECE0-A165-4BD1-8439-406CBAAA903C}.Release|ARM.ActiveCfg = Release|Any CPU
		{DB3BECE0-A165-4BD1-8439-406CBAAA903C}.Release|ARM.Build.0 = Release|Any CPU
		{DB3BECE0-A165-4BD1-8439-406CBAAA903C}.Release|ARM.Deploy.0 = Release|Any CPU
		{DB3BECE0-A165-4BD1-8439-406CBAAA903C}.Release|iPhone.ActiveCfg = Release|Any CPU
		{DB3BECE0-A165-4BD1-8439-406CBAAA903C}.Release|iPhone.Build.0 = Release|Any CPU
		{DB3BECE0-A165-4BD1-8439-406CBAAA903C}.Release|iPhone.Deploy.0 = Release|Any CPU
		{DB3BECE0-A165-4BD1-8439-406CBAAA903C}.Release|iPhoneSimulator.ActiveCfg = Release|Any CPU
		{DB3BECE0-A165-4BD1-8439-406CBAAA903C}.Release|iPhoneSimulator.Build.0 = Release|Any CPU
		{DB3BECE0-A165-4BD1-8439-406CBAAA903C}.Release|iPhoneSimulator.Deploy.0 = Release|Any CPU
		{DB3BECE0-A165-4BD1-8439-406CBAAA903C}.Release|x64.ActiveCfg = Release|Any CPU
		{DB3BECE0-A165-4BD1-8439-406CBAAA903C}.Release|x64.Build.0 = Release|Any CPU
		{DB3BECE0-A165-4BD1-8439-406CBAAA903C}.Release|x64.Deploy.0 = Release|Any CPU
		{DB3BECE0-A165-4BD1-8439-406CBAAA903C}.Release|x86.ActiveCfg = Release|Any CPU
		{DB3BECE0-A165-4BD1-8439-406CBAAA903C}.Release|x86.Build.0 = Release|Any CPU
		{DB3BECE0-A165-4BD1-8439-406CBAAA903C}.Release|x86.Deploy.0 = Release|Any CPU
		{84B2C38E-4E0D-48C2-BC68-76CFB8C3F080}.Debug|Any CPU.ActiveCfg = Debug|iPhoneSimulator
		{84B2C38E-4E0D-48C2-BC68-76CFB8C3F080}.Debug|Any CPU.Build.0 = Debug|iPhoneSimulator
		{84B2C38E-4E0D-48C2-BC68-76CFB8C3F080}.Debug|Any CPU.Deploy.0 = Debug|iPhoneSimulator
		{84B2C38E-4E0D-48C2-BC68-76CFB8C3F080}.Debug|ARM.ActiveCfg = Debug|iPhoneSimulator
		{84B2C38E-4E0D-48C2-BC68-76CFB8C3F080}.Debug|ARM.Build.0 = Debug|iPhoneSimulator
		{84B2C38E-4E0D-48C2-BC68-76CFB8C3F080}.Debug|ARM.Deploy.0 = Debug|iPhoneSimulator
		{84B2C38E-4E0D-48C2-BC68-76CFB8C3F080}.Debug|iPhone.ActiveCfg = Debug|iPhone
		{84B2C38E-4E0D-48C2-BC68-76CFB8C3F080}.Debug|iPhone.Build.0 = Debug|iPhone
		{84B2C38E-4E0D-48C2-BC68-76CFB8C3F080}.Debug|iPhone.Deploy.0 = Debug|iPhone
		{84B2C38E-4E0D-48C2-BC68-76CFB8C3F080}.Debug|iPhoneSimulator.ActiveCfg = Debug|iPhoneSimulator
		{84B2C38E-4E0D-48C2-BC68-76CFB8C3F080}.Debug|iPhoneSimulator.Build.0 = Debug|iPhoneSimulator
		{84B2C38E-4E0D-48C2-BC68-76CFB8C3F080}.Debug|iPhoneSimulator.Deploy.0 = Debug|iPhoneSimulator
		{84B2C38E-4E0D-48C2-BC68-76CFB8C3F080}.Debug|x64.ActiveCfg = Debug|iPhone
		{84B2C38E-4E0D-48C2-BC68-76CFB8C3F080}.Debug|x64.Build.0 = Debug|iPhone
		{84B2C38E-4E0D-48C2-BC68-76CFB8C3F080}.Debug|x64.Deploy.0 = Debug|iPhone
		{84B2C38E-4E0D-48C2-BC68-76CFB8C3F080}.Debug|x86.ActiveCfg = Debug|iPhoneSimulator
		{84B2C38E-4E0D-48C2-BC68-76CFB8C3F080}.Debug|x86.Build.0 = Debug|iPhoneSimulator
		{84B2C38E-4E0D-48C2-BC68-76CFB8C3F080}.Debug|x86.Deploy.0 = Debug|iPhoneSimulator
		{84B2C38E-4E0D-48C2-BC68-76CFB8C3F080}.Release|Any CPU.ActiveCfg = Debug|iPhoneSimulator
		{84B2C38E-4E0D-48C2-BC68-76CFB8C3F080}.Release|Any CPU.Build.0 = Debug|iPhoneSimulator
		{84B2C38E-4E0D-48C2-BC68-76CFB8C3F080}.Release|Any CPU.Deploy.0 = Debug|iPhoneSimulator
		{84B2C38E-4E0D-48C2-BC68-76CFB8C3F080}.Release|ARM.ActiveCfg = Release|iPhoneSimulator
		{84B2C38E-4E0D-48C2-BC68-76CFB8C3F080}.Release|ARM.Build.0 = Release|iPhoneSimulator
		{84B2C38E-4E0D-48C2-BC68-76CFB8C3F080}.Release|ARM.Deploy.0 = Release|iPhoneSimulator
		{84B2C38E-4E0D-48C2-BC68-76CFB8C3F080}.Release|iPhone.ActiveCfg = Release|iPhone
		{84B2C38E-4E0D-48C2-BC68-76CFB8C3F080}.Release|iPhone.Build.0 = Release|iPhone
		{84B2C38E-4E0D-48C2-BC68-76CFB8C3F080}.Release|iPhone.Deploy.0 = Release|iPhone
		{84B2C38E-4E0D-48C2-BC68-76CFB8C3F080}.Release|iPhoneSimulator.ActiveCfg = Release|iPhoneSimulator
		{84B2C38E-4E0D-48C2-BC68-76CFB8C3F080}.Release|iPhoneSimulator.Build.0 = Release|iPhoneSimulator
		{84B2C38E-4E0D-48C2-BC68-76CFB8C3F080}.Release|iPhoneSimulator.Deploy.0 = Release|iPhoneSimulator
		{84B2C38E-4E0D-48C2-BC68-76CFB8C3F080}.Release|x64.ActiveCfg = Release|iPhoneSimulator
		{84B2C38E-4E0D-48C2-BC68-76CFB8C3F080}.Release|x64.Build.0 = Release|iPhoneSimulator
		{84B2C38E-4E0D-48C2-BC68-76CFB8C3F080}.Release|x64.Deploy.0 = Release|iPhoneSimulator
		{84B2C38E-4E0D-48C2-BC68-76CFB8C3F080}.Release|x86.ActiveCfg = Release|iPhoneSimulator
		{84B2C38E-4E0D-48C2-BC68-76CFB8C3F080}.Release|x86.Build.0 = Release|iPhoneSimulator
		{84B2C38E-4E0D-48C2-BC68-76CFB8C3F080}.Release|x86.Deploy.0 = Release|iPhoneSimulator
		{B886F1B0-6B07-4B9B-AA66-0DAF194F1236}.Debug|Any CPU.ActiveCfg = Release|Any CPU
		{B886F1B0-6B07-4B9B-AA66-0DAF194F1236}.Debug|Any CPU.Build.0 = Release|Any CPU
		{B886F1B0-6B07-4B9B-AA66-0DAF194F1236}.Debug|Any CPU.Deploy.0 = Release|Any CPU
		{B886F1B0-6B07-4B9B-AA66-0DAF194F1236}.Debug|ARM.ActiveCfg = Debug|Any CPU
		{B886F1B0-6B07-4B9B-AA66-0DAF194F1236}.Debug|ARM.Build.0 = Debug|Any CPU
		{B886F1B0-6B07-4B9B-AA66-0DAF194F1236}.Debug|ARM.Deploy.0 = Debug|Any CPU
		{B886F1B0-6B07-4B9B-AA66-0DAF194F1236}.Debug|iPhone.ActiveCfg = Debug|Any CPU
		{B886F1B0-6B07-4B9B-AA66-0DAF194F1236}.Debug|iPhone.Build.0 = Debug|Any CPU
		{B886F1B0-6B07-4B9B-AA66-0DAF194F1236}.Debug|iPhone.Deploy.0 = Debug|Any CPU
		{B886F1B0-6B07-4B9B-AA66-0DAF194F1236}.Debug|iPhoneSimulator.ActiveCfg = Debug|Any CPU
		{B886F1B0-6B07-4B9B-AA66-0DAF194F1236}.Debug|iPhoneSimulator.Build.0 = Debug|Any CPU
		{B886F1B0-6B07-4B9B-AA66-0DAF194F1236}.Debug|iPhoneSimulator.Deploy.0 = Debug|Any CPU
		{B886F1B0-6B07-4B9B-AA66-0DAF194F1236}.Debug|x64.ActiveCfg = Debug|Any CPU
		{B886F1B0-6B07-4B9B-AA66-0DAF194F1236}.Debug|x64.Build.0 = Debug|Any CPU
		{B886F1B0-6B07-4B9B-AA66-0DAF194F1236}.Debug|x64.Deploy.0 = Debug|Any CPU
		{B886F1B0-6B07-4B9B-AA66-0DAF194F1236}.Debug|x86.ActiveCfg = Debug|Any CPU
		{B886F1B0-6B07-4B9B-AA66-0DAF194F1236}.Debug|x86.Build.0 = Debug|Any CPU
		{B886F1B0-6B07-4B9B-AA66-0DAF194F1236}.Debug|x86.Deploy.0 = Debug|Any CPU
		{B886F1B0-6B07-4B9B-AA66-0DAF194F1236}.Release|Any CPU.ActiveCfg = Debug|Any CPU
		{B886F1B0-6B07-4B9B-AA66-0DAF194F1236}.Release|Any CPU.Build.0 = Debug|Any CPU
		{B886F1B0-6B07-4B9B-AA66-0DAF194F1236}.Release|Any CPU.Deploy.0 = Debug|Any CPU
		{B886F1B0-6B07-4B9B-AA66-0DAF194F1236}.Release|ARM.ActiveCfg = Release|Any CPU
		{B886F1B0-6B07-4B9B-AA66-0DAF194F1236}.Release|ARM.Build.0 = Release|Any CPU
		{B886F1B0-6B07-4B9B-AA66-0DAF194F1236}.Release|ARM.Deploy.0 = Release|Any CPU
		{B886F1B0-6B07-4B9B-AA66-0DAF194F1236}.Release|iPhone.ActiveCfg = Release|Any CPU
		{B886F1B0-6B07-4B9B-AA66-0DAF194F1236}.Release|iPhone.Build.0 = Release|Any CPU
		{B886F1B0-6B07-4B9B-AA66-0DAF194F1236}.Release|iPhone.Deploy.0 = Release|Any CPU
		{B886F1B0-6B07-4B9B-AA66-0DAF194F1236}.Release|iPhoneSimulator.ActiveCfg = Release|Any CPU
		{B886F1B0-6B07-4B9B-AA66-0DAF194F1236}.Release|iPhoneSimulator.Build.0 = Release|Any CPU
		{B886F1B0-6B07-4B9B-AA66-0DAF194F1236}.Release|iPhoneSimulator.Deploy.0 = Release|Any CPU
		{B886F1B0-6B07-4B9B-AA66-0DAF194F1236}.Release|x64.ActiveCfg = Release|Any CPU
		{B886F1B0-6B07-4B9B-AA66-0DAF194F1236}.Release|x64.Build.0 = Release|Any CPU
		{B886F1B0-6B07-4B9B-AA66-0DAF194F1236}.Release|x64.Deploy.0 = Release|Any CPU
		{B886F1B0-6B07-4B9B-AA66-0DAF194F1236}.Release|x86.ActiveCfg = Release|Any CPU
		{B886F1B0-6B07-4B9B-AA66-0DAF194F1236}.Release|x86.Build.0 = Release|Any CPU
		{B886F1B0-6B07-4B9B-AA66-0DAF194F1236}.Release|x86.Deploy.0 = Release|Any CPU
	EndGlobalSection
	GlobalSection(SolutionProperties) = preSolution
		HideSolutionNode = FALSE
	EndGlobalSection
	GlobalSection(ExtensibilityGlobals) = postSolution
		SolutionGuid = {EAE13070-C2BA-4C48-B283-4E1B934980C6}
	EndGlobalSection
EndGlobal
